
Microsoft Visual Studio Solution File, Format Version 12.00
# Visual Studio Version 17
VisualStudioVersion = 17.7.34031.279
MinimumVisualStudioVersion = 10.0.40219.1
Project("{8BC9CEB8-8B4A-11D0-8D11-00A0C91BC942}") = "LAB15_HM", "LAB15_HM\LAB15_HM.vcxproj", "{7668CC2B-E49A-49D5-9792-252FFE3467FF}"
EndProject
Global
	GlobalSection(SolutionConfigurationPlatforms) = preSolution
		Debug|x64 = Debug|x64
		Debug|x86 = Debug|x86
		Release|x64 = Release|x64
		Release|x86 = Release|x86
	EndGlobalSection
	GlobalSection(ProjectConfigurationPlatforms) = postSolution
		{7668CC2B-E49A-49D5-9792-252FFE3467FF}.Debug|x64.ActiveCfg = Debug|x64
		{7668CC2B-E49A-49D5-9792-252FFE3467FF}.Debug|x64.Build.0 = Debug|x64
		{7668CC2B-E49A-49D5-9792-252FFE3467FF}.Debug|x86.ActiveCfg = Debug|Win32
		{7668CC2B-E49A-49D5-9792-252FFE3467FF}.Debug|x86.Build.0 = Debug|Win32
		{7668CC2B-E49A-49D5-9792-252FFE3467FF}.Release|x64.ActiveCfg = Release|x64
		{7668CC2B-E49A-49D5-9792-252FFE3467FF}.Release|x64.Build.0 = Release|x64
		{7668CC2B-E49A-49D5-9792-252FFE3467FF}.Release|x86.ActiveCfg = Release|Win32
		{7668CC2B-E49A-49D5-9792-252FFE3467FF}.Release|x86.Build.0 = Release|Win32
	EndGlobalSection
	GlobalSection(SolutionProperties) = preSolution
		HideSolutionNode = FALSE
	EndGlobalSection
	GlobalSection(ExtensibilityGlobals) = postSolution
		SolutionGuid = {A72BA1A1-BEBD-474E-B984-38242A6A74D8}
	EndGlobalSection
EndGlobal
